// !$*UTF8*$!
{
	archiveVersion = 1;
	classes = {
	};
	objectVersion = 50;
	objects = {

/* Begin PBXBuildFile section */
		9AA99AD321C380D100CC3E0C /* AppDelegate.swift in Sources */ = {isa = PBXBuildFile; fileRef = 9AA99AD221C380D100CC3E0C /* AppDelegate.swift */; };
		9AA99AD821C380D100CC3E0C /* Main.storyboard in Resources */ = {isa = PBXBuildFile; fileRef = 9AA99AD621C380D100CC3E0C /* Main.storyboard */; };
		9AA99ADA21C380D200CC3E0C /* Assets.xcassets in Resources */ = {isa = PBXBuildFile; fileRef = 9AA99AD921C380D200CC3E0C /* Assets.xcassets */; };
		9AA99ADD21C380D200CC3E0C /* LaunchScreen.storyboard in Resources */ = {isa = PBXBuildFile; fileRef = 9AA99ADB21C380D200CC3E0C /* LaunchScreen.storyboard */; };
		9AA99AE821C382C500CC3E0C /* WelcomeViewController.swift in Sources */ = {isa = PBXBuildFile; fileRef = 9AA99AE721C382C500CC3E0C /* WelcomeViewController.swift */; };
		9AA99AEA21C382D500CC3E0C /* BaseViewController.swift in Sources */ = {isa = PBXBuildFile; fileRef = 9AA99AE921C382D500CC3E0C /* BaseViewController.swift */; };
		9AA99AED21C382EF00CC3E0C /* LoginViewController.swift in Sources */ = {isa = PBXBuildFile; fileRef = 9AA99AEC21C382EF00CC3E0C /* LoginViewController.swift */; };
		9AA99AEF21C382FA00CC3E0C /* SignUpViewController.swift in Sources */ = {isa = PBXBuildFile; fileRef = 9AA99AEE21C382FA00CC3E0C /* SignUpViewController.swift */; };
		9AA99AF321C3833000CC3E0C /* AddKeyboardViewController.swift in Sources */ = {isa = PBXBuildFile; fileRef = 9AA99AF221C3833000CC3E0C /* AddKeyboardViewController.swift */; };
		9AA99AF621C3836E00CC3E0C /* MainViewController.swift in Sources */ = {isa = PBXBuildFile; fileRef = 9AA99AF521C3836E00CC3E0C /* MainViewController.swift */; };
		9AA99AF821C3837B00CC3E0C /* AccountViewController.swift in Sources */ = {isa = PBXBuildFile; fileRef = 9AA99AF721C3837B00CC3E0C /* AccountViewController.swift */; };
		9AA99AFA21C3838400CC3E0C /* FeedbackViewController.swift in Sources */ = {isa = PBXBuildFile; fileRef = 9AA99AF921C3838400CC3E0C /* FeedbackViewController.swift */; };
		9AA99AFC21C3838A00CC3E0C /* SupportViewController.swift in Sources */ = {isa = PBXBuildFile; fileRef = 9AA99AFB21C3838A00CC3E0C /* SupportViewController.swift */; };
		9AA99AFE21C3839100CC3E0C /* AboutViewController.swift in Sources */ = {isa = PBXBuildFile; fileRef = 9AA99AFD21C3839100CC3E0C /* AboutViewController.swift */; };
		9AA99B0021C383BC00CC3E0C /* Welcome.storyboard in Resources */ = {isa = PBXBuildFile; fileRef = 9AA99AFF21C383BC00CC3E0C /* Welcome.storyboard */; };
		9AA99B0221C383C900CC3E0C /* AddKeyboard.storyboard in Resources */ = {isa = PBXBuildFile; fileRef = 9AA99B0121C383C900CC3E0C /* AddKeyboard.storyboard */; };
		F76F2F2ED62D69BD278CFA4C /* Pods_Spellify.framework in Frameworks */ = {isa = PBXBuildFile; fileRef = F650C4B12D37B81E56C70145 /* Pods_Spellify.framework */; };
/* End PBXBuildFile section */

/* Begin PBXFileReference section */
		2A0427A8000A0CC06FAEC22D /* Pods-Spellify.release.xcconfig */ = {isa = PBXFileReference; includeInIndex = 1; lastKnownFileType = text.xcconfig; name = "Pods-Spellify.release.xcconfig"; path = "Pods/Target Support Files/Pods-Spellify/Pods-Spellify.release.xcconfig"; sourceTree = "<group>"; };
		388E3FE98FFD03E974CA7521 /* Pods-Spellify.debug.xcconfig */ = {isa = PBXFileReference; includeInIndex = 1; lastKnownFileType = text.xcconfig; name = "Pods-Spellify.debug.xcconfig"; path = "Pods/Target Support Files/Pods-Spellify/Pods-Spellify.debug.xcconfig"; sourceTree = "<group>"; };
		9AA99ACF21C380D100CC3E0C /* Spellify.app */ = {isa = PBXFileReference; explicitFileType = wrapper.application; includeInIndex = 0; path = Spellify.app; sourceTree = BUILT_PRODUCTS_DIR; };
		9AA99AD221C380D100CC3E0C /* AppDelegate.swift */ = {isa = PBXFileReference; lastKnownFileType = sourcecode.swift; path = AppDelegate.swift; sourceTree = "<group>"; };
		9AA99AD721C380D100CC3E0C /* Base */ = {isa = PBXFileReference; lastKnownFileType = file.storyboard; name = Base; path = Base.lproj/Main.storyboard; sourceTree = "<group>"; };
		9AA99AD921C380D200CC3E0C /* Assets.xcassets */ = {isa = PBXFileReference; lastKnownFileType = folder.assetcatalog; path = Assets.xcassets; sourceTree = "<group>"; };
		9AA99ADC21C380D200CC3E0C /* Base */ = {isa = PBXFileReference; lastKnownFileType = file.storyboard; name = Base; path = Base.lproj/LaunchScreen.storyboard; sourceTree = "<group>"; };
		9AA99ADE21C380D200CC3E0C /* Info.plist */ = {isa = PBXFileReference; lastKnownFileType = text.plist.xml; path = Info.plist; sourceTree = "<group>"; };
		9AA99AE721C382C500CC3E0C /* WelcomeViewController.swift */ = {isa = PBXFileReference; lastKnownFileType = sourcecode.swift; path = WelcomeViewController.swift; sourceTree = "<group>"; };
		9AA99AE921C382D500CC3E0C /* BaseViewController.swift */ = {isa = PBXFileReference; lastKnownFileType = sourcecode.swift; path = BaseViewController.swift; sourceTree = "<group>"; };
		9AA99AEC21C382EF00CC3E0C /* LoginViewController.swift */ = {isa = PBXFileReference; lastKnownFileType = sourcecode.swift; path = LoginViewController.swift; sourceTree = "<group>"; };
		9AA99AEE21C382FA00CC3E0C /* SignUpViewController.swift */ = {isa = PBXFileReference; lastKnownFileType = sourcecode.swift; path = SignUpViewController.swift; sourceTree = "<group>"; };
		9AA99AF221C3833000CC3E0C /* AddKeyboardViewController.swift */ = {isa = PBXFileReference; lastKnownFileType = sourcecode.swift; path = AddKeyboardViewController.swift; sourceTree = "<group>"; };
		9AA99AF521C3836E00CC3E0C /* MainViewController.swift */ = {isa = PBXFileReference; lastKnownFileType = sourcecode.swift; path = MainViewController.swift; sourceTree = "<group>"; };
		9AA99AF721C3837B00CC3E0C /* AccountViewController.swift */ = {isa = PBXFileReference; lastKnownFileType = sourcecode.swift; path = AccountViewController.swift; sourceTree = "<group>"; };
		9AA99AF921C3838400CC3E0C /* FeedbackViewController.swift */ = {isa = PBXFileReference; lastKnownFileType = sourcecode.swift; path = FeedbackViewController.swift; sourceTree = "<group>"; };
		9AA99AFB21C3838A00CC3E0C /* SupportViewController.swift */ = {isa = PBXFileReference; lastKnownFileType = sourcecode.swift; path = SupportViewController.swift; sourceTree = "<group>"; };
		9AA99AFD21C3839100CC3E0C /* AboutViewController.swift */ = {isa = PBXFileReference; lastKnownFileType = sourcecode.swift; path = AboutViewController.swift; sourceTree = "<group>"; };
		9AA99AFF21C383BC00CC3E0C /* Welcome.storyboard */ = {isa = PBXFileReference; lastKnownFileType = file.storyboard; path = Welcome.storyboard; sourceTree = "<group>"; };
		9AA99B0121C383C900CC3E0C /* AddKeyboard.storyboard */ = {isa = PBXFileReference; lastKnownFileType = file.storyboard; path = AddKeyboard.storyboard; sourceTree = "<group>"; };
		F650C4B12D37B81E56C70145 /* Pods_Spellify.framework */ = {isa = PBXFileReference; explicitFileType = wrapper.framework; includeInIndex = 0; path = Pods_Spellify.framework; sourceTree = BUILT_PRODUCTS_DIR; };
/* End PBXFileReference section */

/* Begin PBXFrameworksBuildPhase section */
		9AA99ACC21C380D000CC3E0C /* Frameworks */ = {
			isa = PBXFrameworksBuildPhase;
			buildActionMask = 2147483647;
			files = (
				F76F2F2ED62D69BD278CFA4C /* Pods_Spellify.framework in Frameworks */,
			);
			runOnlyForDeploymentPostprocessing = 0;
		};
/* End PBXFrameworksBuildPhase section */

/* Begin PBXGroup section */
		1F97E282543FE0FDC4117D30 /* Pods */ = {
			isa = PBXGroup;
			children = (
				388E3FE98FFD03E974CA7521 /* Pods-Spellify.debug.xcconfig */,
				2A0427A8000A0CC06FAEC22D /* Pods-Spellify.release.xcconfig */,
			);
			name = Pods;
			sourceTree = "<group>";
		};
		567F40C3B0AD6575AAB11143 /* Frameworks */ = {
			isa = PBXGroup;
			children = (
				F650C4B12D37B81E56C70145 /* Pods_Spellify.framework */,
			);
			name = Frameworks;
			sourceTree = "<group>";
		};
		9AA99AC621C380D000CC3E0C = {
			isa = PBXGroup;
			children = (
				9AA99AD121C380D100CC3E0C /* Spellify */,
				9AA99AD021C380D100CC3E0C /* Products */,
				1F97E282543FE0FDC4117D30 /* Pods */,
				567F40C3B0AD6575AAB11143 /* Frameworks */,
			);
			sourceTree = "<group>";
		};
		9AA99AD021C380D100CC3E0C /* Products */ = {
			isa = PBXGroup;
			children = (
				9AA99ACF21C380D100CC3E0C /* Spellify.app */,
			);
			name = Products;
			sourceTree = "<group>";
		};
		9AA99AD121C380D100CC3E0C /* Spellify */ = {
			isa = PBXGroup;
			children = (
				9AA99AE621C3829400CC3E0C /* Helper */,
				9AA99AE421C3828900CC3E0C /* Model */,
				9AA99AE521C3828E00CC3E0C /* Controller */,
				9AA99AD221C380D100CC3E0C /* AppDelegate.swift */,
				9AA99AD921C380D200CC3E0C /* Assets.xcassets */,
				9AA99ADB21C380D200CC3E0C /* LaunchScreen.storyboard */,
				9AA99ADE21C380D200CC3E0C /* Info.plist */,
			);
			path = Spellify;
			sourceTree = "<group>";
		};
		9AA99AE421C3828900CC3E0C /* Model */ = {
			isa = PBXGroup;
			children = (
			);
			path = Model;
			sourceTree = "<group>";
		};
		9AA99AE521C3828E00CC3E0C /* Controller */ = {
			isa = PBXGroup;
			children = (
				9AA99AF021C3830100CC3E0C /* Base */,
				9AA99AEB21C382E300CC3E0C /* Login */,
				9AA99AF121C3830D00CC3E0C /* CheckAndAddKeyboard */,
				9AA99AF421C3835A00CC3E0C /* Main */,
			);
			path = Controller;
			sourceTree = "<group>";
		};
		9AA99AE621C3829400CC3E0C /* Helper */ = {
			isa = PBXGroup;
			children = (
			);
			path = Helper;
			sourceTree = "<group>";
		};
		9AA99AEB21C382E300CC3E0C /* Login */ = {
			isa = PBXGroup;
			children = (
				9AA99AE721C382C500CC3E0C /* WelcomeViewController.swift */,
				9AA99AEC21C382EF00CC3E0C /* LoginViewController.swift */,
				9AA99AEE21C382FA00CC3E0C /* SignUpViewController.swift */,
				9AA99AFF21C383BC00CC3E0C /* Welcome.storyboard */,
			);
			path = Login;
			sourceTree = "<group>";
		};
		9AA99AF021C3830100CC3E0C /* Base */ = {
			isa = PBXGroup;
			children = (
				9AA99AE921C382D500CC3E0C /* BaseViewController.swift */,
			);
			path = Base;
			sourceTree = "<group>";
		};
		9AA99AF121C3830D00CC3E0C /* CheckAndAddKeyboard */ = {
			isa = PBXGroup;
			children = (
				9AA99AF221C3833000CC3E0C /* AddKeyboardViewController.swift */,
				9AA99B0121C383C900CC3E0C /* AddKeyboard.storyboard */,
			);
			path = CheckAndAddKeyboard;
			sourceTree = "<group>";
		};
		9AA99AF421C3835A00CC3E0C /* Main */ = {
			isa = PBXGroup;
			children = (
				9AA99AD621C380D100CC3E0C /* Main.storyboard */,
				9AA99AF521C3836E00CC3E0C /* MainViewController.swift */,
				9AA99AF721C3837B00CC3E0C /* AccountViewController.swift */,
				9AA99AF921C3838400CC3E0C /* FeedbackViewController.swift */,
				9AA99AFB21C3838A00CC3E0C /* SupportViewController.swift */,
				9AA99AFD21C3839100CC3E0C /* AboutViewController.swift */,
			);
			path = Main;
			sourceTree = "<group>";
		};
/* End PBXGroup section */

/* Begin PBXNativeTarget section */
		9AA99ACE21C380D000CC3E0C /* Spellify */ = {
			isa = PBXNativeTarget;
			buildConfigurationList = 9AA99AE121C380D200CC3E0C /* Build configuration list for PBXNativeTarget "Spellify" */;
			buildPhases = (
				332570EC5BC5E0A004831BAF /* [CP] Check Pods Manifest.lock */,
				9AA99ACB21C380D000CC3E0C /* Sources */,
				9AA99ACC21C380D000CC3E0C /* Frameworks */,
				9AA99ACD21C380D000CC3E0C /* Resources */,
				62F32E573ABCF32983171799 /* [CP] Embed Pods Frameworks */,
			);
			buildRules = (
			);
			dependencies = (
			);
			name = Spellify;
			productName = Spellify;
			productReference = 9AA99ACF21C380D100CC3E0C /* Spellify.app */;
			productType = "com.apple.product-type.application";
		};
/* End PBXNativeTarget section */

/* Begin PBXProject section */
		9AA99AC721C380D000CC3E0C /* Project object */ = {
			isa = PBXProject;
			attributes = {
				LastSwiftUpdateCheck = 1010;
				LastUpgradeCheck = 1010;
				ORGANIZATIONNAME = Alexander;
				TargetAttributes = {
					9AA99ACE21C380D000CC3E0C = {
						CreatedOnToolsVersion = 10.1;
					};
				};
			};
			buildConfigurationList = 9AA99ACA21C380D000CC3E0C /* Build configuration list for PBXProject "Spellify" */;
			compatibilityVersion = "Xcode 9.3";
			developmentRegion = en;
			hasScannedForEncodings = 0;
			knownRegions = (
				en,
				Base,
			);
			mainGroup = 9AA99AC621C380D000CC3E0C;
			productRefGroup = 9AA99AD021C380D100CC3E0C /* Products */;
			projectDirPath = "";
			projectRoot = "";
			targets = (
				9AA99ACE21C380D000CC3E0C /* Spellify */,
			);
		};
/* End PBXProject section */

/* Begin PBXResourcesBuildPhase section */
		9AA99ACD21C380D000CC3E0C /* Resources */ = {
			isa = PBXResourcesBuildPhase;
			buildActionMask = 2147483647;
			files = (
				9AA99ADD21C380D200CC3E0C /* LaunchScreen.storyboard in Resources */,
				9AA99B0221C383C900CC3E0C /* AddKeyboard.storyboard in Resources */,
				9AA99B0021C383BC00CC3E0C /* Welcome.storyboard in Resources */,
				9AA99ADA21C380D200CC3E0C /* Assets.xcassets in Resources */,
				9AA99AD821C380D100CC3E0C /* Main.storyboard in Resources */,
			);
			runOnlyForDeploymentPostprocessing = 0;
		};
/* End PBXResourcesBuildPhase section */

/* Begin PBXShellScriptBuildPhase section */
		332570EC5BC5E0A004831BAF /* [CP] Check Pods Manifest.lock */ = {
			isa = PBXShellScriptBuildPhase;
			buildActionMask = 2147483647;
			files = (
			);
			inputPaths = (
				"${PODS_PODFILE_DIR_PATH}/Podfile.lock",
				"${PODS_ROOT}/Manifest.lock",
			);
			name = "[CP] Check Pods Manifest.lock";
			outputPaths = (
				"$(DERIVED_FILE_DIR)/Pods-Spellify-checkManifestLockResult.txt",
			);
			runOnlyForDeploymentPostprocessing = 0;
			shellPath = /bin/sh;
			shellScript = "diff \"${PODS_PODFILE_DIR_PATH}/Podfile.lock\" \"${PODS_ROOT}/Manifest.lock\" > /dev/null\nif [ $? != 0 ] ; then\n    # print error to STDERR\n    echo \"error: The sandbox is not in sync with the Podfile.lock. Run 'pod install' or update your CocoaPods installation.\" >&2\n    exit 1\nfi\n# This output is used by Xcode 'outputs' to avoid re-running this script phase.\necho \"SUCCESS\" > \"${SCRIPT_OUTPUT_FILE_0}\"\n";
			showEnvVarsInLog = 0;
		};
		62F32E573ABCF32983171799 /* [CP] Embed Pods Frameworks */ = {
			isa = PBXShellScriptBuildPhase;
			buildActionMask = 2147483647;
			files = (
			);
			inputPaths = (
				"${SRCROOT}/Pods/Target Support Files/Pods-Spellify/Pods-Spellify-frameworks.sh",
				"${BUILT_PRODUCTS_DIR}/Hero/Hero.framework",
			);
			name = "[CP] Embed Pods Frameworks";
			outputPaths = (
				"${TARGET_BUILD_DIR}/${FRAMEWORKS_FOLDER_PATH}/Hero.framework",
			);
			runOnlyForDeploymentPostprocessing = 0;
			shellPath = /bin/sh;
			shellScript = "\"${SRCROOT}/Pods/Target Support Files/Pods-Spellify/Pods-Spellify-frameworks.sh\"\n";
			showEnvVarsInLog = 0;
		};
/* End PBXShellScriptBuildPhase section */

/* Begin PBXSourcesBuildPhase section */
		9AA99ACB21C380D000CC3E0C /* Sources */ = {
			isa = PBXSourcesBuildPhase;
			buildActionMask = 2147483647;
			files = (
				9AA99AF621C3836E00CC3E0C /* MainViewController.swift in Sources */,
				9AA99AED21C382EF00CC3E0C /* LoginViewController.swift in Sources */,
				9AA99AFE21C3839100CC3E0C /* AboutViewController.swift in Sources */,
				9AA99AF821C3837B00CC3E0C /* AccountViewController.swift in Sources */,
				9AA99AD321C380D100CC3E0C /* AppDelegate.swift in Sources */,
				9AA99AE821C382C500CC3E0C /* WelcomeViewController.swift in Sources */,
				9AA99AF321C3833000CC3E0C /* AddKeyboardViewController.swift in Sources */,
				9AA99AEA21C382D500CC3E0C /* BaseViewController.swift in Sources */,
				9AA99AFA21C3838400CC3E0C /* FeedbackViewController.swift in Sources */,
				9AA99AFC21C3838A00CC3E0C /* SupportViewController.swift in Sources */,
				9AA99AEF21C382FA00CC3E0C /* SignUpViewController.swift in Sources */,
			);
			runOnlyForDeploymentPostprocessing = 0;
		};
/* End PBXSourcesBuildPhase section */

/* Begin PBXVariantGroup section */
		9AA99AD621C380D100CC3E0C /* Main.storyboard */ = {
			isa = PBXVariantGroup;
			children = (
				9AA99AD721C380D100CC3E0C /* Base */,
			);
			name = Main.storyboard;
			sourceTree = "<group>";
		};
		9AA99ADB21C380D200CC3E0C /* LaunchScreen.storyboard */ = {
			isa = PBXVariantGroup;
			children = (
				9AA99ADC21C380D200CC3E0C /* Base */,
			);
			name = LaunchScreen.storyboard;
			sourceTree = "<group>";
		};
/* End PBXVariantGroup section */

/* Begin XCBuildConfiguration section */
		9AA99ADF21C380D200CC3E0C /* Debug */ = {
			isa = XCBuildConfiguration;
			buildSettings = {
				ALWAYS_SEARCH_USER_PATHS = NO;
				CLANG_ANALYZER_NONNULL = YES;
				CLANG_ANALYZER_NUMBER_OBJECT_CONVERSION = YES_AGGRESSIVE;
				CLANG_CXX_LANGUAGE_STANDARD = "gnu++14";
				CLANG_CXX_LIBRARY = "libc++";
				CLANG_ENABLE_MODULES = YES;
				CLANG_ENABLE_OBJC_ARC = YES;
				CLANG_ENABLE_OBJC_WEAK = YES;
				CLANG_WARN_BLOCK_CAPTURE_AUTORELEASING = YES;
				CLANG_WARN_BOOL_CONVERSION = YES;
				CLANG_WARN_COMMA = YES;
				CLANG_WARN_CONSTANT_CONVERSION = YES;
				CLANG_WARN_DEPRECATED_OBJC_IMPLEMENTATIONS = YES;
				CLANG_WARN_DIRECT_OBJC_ISA_USAGE = YES_ERROR;
				CLANG_WARN_DOCUMENTATION_COMMENTS = YES;
				CLANG_WARN_EMPTY_BODY = YES;
				CLANG_WARN_ENUM_CONVERSION = YES;
				CLANG_WARN_INFINITE_RECURSION = YES;
				CLANG_WARN_INT_CONVERSION = YES;
				CLANG_WARN_NON_LITERAL_NULL_CONVERSION = YES;
				CLANG_WARN_OBJC_IMPLICIT_RETAIN_SELF = YES;
				CLANG_WARN_OBJC_LITERAL_CONVERSION = YES;
				CLANG_WARN_OBJC_ROOT_CLASS = YES_ERROR;
				CLANG_WARN_RANGE_LOOP_ANALYSIS = YES;
				CLANG_WARN_STRICT_PROTOTYPES = YES;
				CLANG_WARN_SUSPICIOUS_MOVE = YES;
				CLANG_WARN_UNGUARDED_AVAILABILITY = YES_AGGRESSIVE;
				CLANG_WARN_UNREACHABLE_CODE = YES;
				CLANG_WARN__DUPLICATE_METHOD_MATCH = YES;
				CODE_SIGN_IDENTITY = "iPhone Developer";
				COPY_PHASE_STRIP = NO;
				DEBUG_INFORMATION_FORMAT = dwarf;
				ENABLE_STRICT_OBJC_MSGSEND = YES;
				ENABLE_TESTABILITY = YES;
				GCC_C_LANGUAGE_STANDARD = gnu11;
				GCC_DYNAMIC_NO_PIC = NO;
				GCC_NO_COMMON_BLOCKS = YES;
				GCC_OPTIMIZATION_LEVEL = 0;
				GCC_PREPROCESSOR_DEFINITIONS = (
					"DEBUG=1",
					"$(inherited)",
				);
				GCC_WARN_64_TO_32_BIT_CONVERSION = YES;
				GCC_WARN_ABOUT_RETURN_TYPE = YES_ERROR;
				GCC_WARN_UNDECLARED_SELECTOR = YES;
				GCC_WARN_UNINITIALIZED_AUTOS = YES_AGGRESSIVE;
				GCC_WARN_UNUSED_FUNCTION = YES;
				GCC_WARN_UNUSED_VARIABLE = YES;
				IPHONEOS_DEPLOYMENT_TARGET = 12.1;
				MTL_ENABLE_DEBUG_INFO = INCLUDE_SOURCE;
				MTL_FAST_MATH = YES;
				ONLY_ACTIVE_ARCH = YES;
				SDKROOT = iphoneos;
				SWIFT_ACTIVE_COMPILATION_CONDITIONS = DEBUG;
				SWIFT_OPTIMIZATION_LEVEL = "-Onone";
			};
			name = Debug;
		};
		9AA99AE021C380D200CC3E0C /* Release */ = {
			isa = XCBuildConfiguration;
			buildSettings = {
				ALWAYS_SEARCH_USER_PATHS = NO;
				CLANG_ANALYZER_NONNULL = YES;
				CLANG_ANALYZER_NUMBER_OBJECT_CONVERSION = YES_AGGRESSIVE;
				CLANG_CXX_LANGUAGE_STANDARD = "gnu++14";
				CLANG_CXX_LIBRARY = "libc++";
				CLANG_ENABLE_MODULES = YES;
				CLANG_ENABLE_OBJC_ARC = YES;
				CLANG_ENABLE_OBJC_WEAK = YES;
				CLANG_WARN_BLOCK_CAPTURE_AUTORELEASING = YES;
				CLANG_WARN_BOOL_CONVERSION = YES;
				CLANG_WARN_COMMA = YES;
				CLANG_WARN_CONSTANT_CONVERSION = YES;
				CLANG_WARN_DEPRECATED_OBJC_IMPLEMENTATIONS = YES;
				CLANG_WARN_DIRECT_OBJC_ISA_USAGE = YES_ERROR;
				CLANG_WARN_DOCUMENTATION_COMMENTS = YES;
				CLANG_WARN_EMPTY_BODY = YES;
				CLANG_WARN_ENUM_CONVERSION = YES;
				CLANG_WARN_INFINITE_RECURSION = YES;
				CLANG_WARN_INT_CONVERSION = YES;
				CLANG_WARN_NON_LITERAL_NULL_CONVERSION = YES;
				CLANG_WARN_OBJC_IMPLICIT_RETAIN_SELF = YES;
				CLANG_WARN_OBJC_LITERAL_CONVERSION = YES;
				CLANG_WARN_OBJC_ROOT_CLASS = YES_ERROR;
				CLANG_WARN_RANGE_LOOP_ANALYSIS = YES;
				CLANG_WARN_STRICT_PROTOTYPES = YES;
				CLANG_WARN_SUSPICIOUS_MOVE = YES;
				CLANG_WARN_UNGUARDED_AVAILABILITY = YES_AGGRESSIVE;
				CLANG_WARN_UNREACHABLE_CODE = YES;
				CLANG_WARN__DUPLICATE_METHOD_MATCH = YES;
				CODE_SIGN_IDENTITY = "iPhone Developer";
				COPY_PHASE_STRIP = NO;
				DEBUG_INFORMATION_FORMAT = "dwarf-with-dsym";
				ENABLE_NS_ASSERTIONS = NO;
				ENABLE_STRICT_OBJC_MSGSEND = YES;
				GCC_C_LANGUAGE_STANDARD = gnu11;
				GCC_NO_COMMON_BLOCKS = YES;
				GCC_WARN_64_TO_32_BIT_CONVERSION = YES;
				GCC_WARN_ABOUT_RETURN_TYPE = YES_ERROR;
				GCC_WARN_UNDECLARED_SELECTOR = YES;
				GCC_WARN_UNINITIALIZED_AUTOS = YES_AGGRESSIVE;
				GCC_WARN_UNUSED_FUNCTION = YES;
				GCC_WARN_UNUSED_VARIABLE = YES;
				IPHONEOS_DEPLOYMENT_TARGET = 12.1;
				MTL_ENABLE_DEBUG_INFO = NO;
				MTL_FAST_MATH = YES;
				SDKROOT = iphoneos;
				SWIFT_COMPILATION_MODE = wholemodule;
				SWIFT_OPTIMIZATION_LEVEL = "-O";
				VALIDATE_PRODUCT = YES;
			};
			name = Release;
		};
		9AA99AE221C380D200CC3E0C /* Debug */ = {
			isa = XCBuildConfiguration;
			baseConfigurationReference = 388E3FE98FFD03E974CA7521 /* Pods-Spellify.debug.xcconfig */;
			buildSettings = {
				ASSETCATALOG_COMPILER_APPICON_NAME = AppIcon;
				CODE_SIGN_STYLE = Automatic;
				INFOPLIST_FILE = Spellify/Info.plist;
				LD_RUNPATH_SEARCH_PATHS = (
					"$(inherited)",
					"@executable_path/Frameworks",
				);
				PRODUCT_BUNDLE_IDENTIFIER = com.app.Spellify;
				PRODUCT_NAME = "$(TARGET_NAME)";
				SWIFT_VERSION = 4.2;
				TARGETED_DEVICE_FAMILY = "1,2";
			};
			name = Debug;
		};
		9AA99AE321C380D200CC3E0C /* Release */ = {
			isa = XCBuildConfiguration;
			baseConfigurationReference = 2A0427A8000A0CC06FAEC22D /* Pods-Spellify.release.xcconfig */;
			buildSettings = {
				ASSETCATALOG_COMPILER_APPICON_NAME = AppIcon;
				CODE_SIGN_STYLE = Automatic;
				INFOPLIST_FILE = Spellify/Info.plist;
				LD_RUNPATH_SEARCH_PATHS = (
					"$(inherited)",
					"@executable_path/Frameworks",
				);
				PRODUCT_BUNDLE_IDENTIFIER = com.app.Spellify;
				PRODUCT_NAME = "$(TARGET_NAME)";
				SWIFT_VERSION = 4.2;
				TARGETED_DEVICE_FAMILY = "1,2";
			};
			name = Release;
		};
/* End XCBuildConfiguration section */

/* Begin XCConfigurationList section */
		9AA99ACA21C380D000CC3E0C /* Build configuration list for PBXProject "Spellify" */ = {
			isa = XCConfigurationList;
			buildConfigurations = (
				9AA99ADF21C380D200CC3E0C /* Debug */,
				9AA99AE021C380D200CC3E0C /* Release */,
			);
			defaultConfigurationIsVisible = 0;
			defaultConfigurationName = Release;
		};
		9AA99AE121C380D200CC3E0C /* Build configuration list for PBXNativeTarget "Spellify" */ = {
			isa = XCConfigurationList;
			buildConfigurations = (
				9AA99AE221C380D200CC3E0C /* Debug */,
				9AA99AE321C380D200CC3E0C /* Release */,
			);
			defaultConfigurationIsVisible = 0;
			defaultConfigurationName = Release;
		};
/* End XCConfigurationList section */
	};
	rootObject = 9AA99AC721C380D000CC3E0C /* Project object */;
}
